
Microsoft Visual Studio Solution File, Format Version 12.00
# Visual Studio Version 17
VisualStudioVersion = 17.10.35122.118
MinimumVisualStudioVersion = 10.0.40219.1
Project("{9A19103F-16F7-4668-BE54-9A1E7A4F7556}") = "MTG.Importer", "MTG.Importer\MTG.Importer.csproj", "{C1637871-2FD4-4349-9C37-E3ADFA04DEA6}"
EndProject
Project("{9A19103F-16F7-4668-BE54-9A1E7A4F7556}") = "MTG.Scryfall.Importer", "MTG.Scryfall.Importer\MTG.Scryfall.Importer.csproj", "{01BEDB8B-F670-40F8-BA25-71BFF76728F8}"
EndProject
Project("{9A19103F-16F7-4668-BE54-9A1E7A4F7556}") = "MTG.Scryfall.Importer.Tests", "MTG.Scryfall.Importer.Tests\MTG.Scryfall.Importer.Tests.csproj", "{817E7D2D-FCAD-4CF0-8F4B-E7852F3BF099}"
EndProject
Project("{9A19103F-16F7-4668-BE54-9A1E7A4F7556}") = "MTG.Importer.Models", "MTG.Importer.Models\MTG.Importer.Models.csproj", "{7C561BDB-9FB8-40AF-98C2-239DD0F98ECC}"
EndProject
Project("{9A19103F-16F7-4668-BE54-9A1E7A4F7556}") = "MTG.Scryfall.Models", "MTG.Scryfall.Models\MTG.Scryfall.Models.csproj", "{185245EB-C14D-4474-8DE0-91AEA093F34F}"
EndProject
Global
	GlobalSection(SolutionConfigurationPlatforms) = preSolution
		Debug|Any CPU = Debug|Any CPU
		Release|Any CPU = Release|Any CPU
	EndGlobalSection
	GlobalSection(ProjectConfigurationPlatforms) = postSolution
		{C1637871-2FD4-4349-9C37-E3ADFA04DEA6}.Debug|Any CPU.ActiveCfg = Debug|Any CPU
		{C1637871-2FD4-4349-9C37-E3ADFA04DEA6}.Debug|Any CPU.Build.0 = Debug|Any CPU
		{C1637871-2FD4-4349-9C37-E3ADFA04DEA6}.Release|Any CPU.ActiveCfg = Release|Any CPU
		{C1637871-2FD4-4349-9C37-E3ADFA04DEA6}.Release|Any CPU.Build.0 = Release|Any CPU
		{01BEDB8B-F670-40F8-BA25-71BFF76728F8}.Debug|Any CPU.ActiveCfg = Debug|Any CPU
		{01BEDB8B-F670-40F8-BA25-71BFF76728F8}.Debug|Any CPU.Build.0 = Debug|Any CPU
		{01BEDB8B-F670-40F8-BA25-71BFF76728F8}.Release|Any CPU.ActiveCfg = Release|Any CPU
		{01BEDB8B-F670-40F8-BA25-71BFF76728F8}.Release|Any CPU.Build.0 = Release|Any CPU
		{817E7D2D-FCAD-4CF0-8F4B-E7852F3BF099}.Debug|Any CPU.ActiveCfg = Debug|Any CPU
		{817E7D2D-FCAD-4CF0-8F4B-E7852F3BF099}.Debug|Any CPU.Build.0 = Debug|Any CPU
		{817E7D2D-FCAD-4CF0-8F4B-E7852F3BF099}.Release|Any CPU.ActiveCfg = Release|Any CPU
		{817E7D2D-FCAD-4CF0-8F4B-E7852F3BF099}.Release|Any CPU.Build.0 = Release|Any CPU
		{7C561BDB-9FB8-40AF-98C2-239DD0F98ECC}.Debug|Any CPU.ActiveCfg = Debug|Any CPU
		{7C561BDB-9FB8-40AF-98C2-239DD0F98ECC}.Debug|Any CPU.Build.0 = Debug|Any CPU
		{7C561BDB-9FB8-40AF-98C2-239DD0F98ECC}.Release|Any CPU.ActiveCfg = Release|Any CPU
		{7C561BDB-9FB8-40AF-98C2-239DD0F98ECC}.Release|Any CPU.Build.0 = Release|Any CPU
		{185245EB-C14D-4474-8DE0-91AEA093F34F}.Debug|Any CPU.ActiveCfg = Debug|Any CPU
		{185245EB-C14D-4474-8DE0-91AEA093F34F}.Debug|Any CPU.Build.0 = Debug|Any CPU
		{185245EB-C14D-4474-8DE0-91AEA093F34F}.Release|Any CPU.ActiveCfg = Release|Any CPU
		{185245EB-C14D-4474-8DE0-91AEA093F34F}.Release|Any CPU.Build.0 = Release|Any CPU
	EndGlobalSection
	GlobalSection(SolutionProperties) = preSolution
		HideSolutionNode = FALSE
	EndGlobalSection
	GlobalSection(ExtensibilityGlobals) = postSolution
		SolutionGuid = {A1204C60-1F7B-4744-8233-D84FA5838643}
	EndGlobalSection
EndGlobal
